
Microsoft Visual Studio Solution File, Format Version 12.00
# Visual Studio Version 17
VisualStudioVersion = 17.10.35122.118
MinimumVisualStudioVersion = 10.0.40219.1
Project("{FAE04EC0-301F-11D3-BF4B-00C04F79EFBC}") = "StorySpoil160825", "StorySpoil160825\StorySpoil160825.csproj", "{5D8D5AE1-B100-45F7-B38C-2E3C269ABBDC}"
EndProject
Global
	GlobalSection(SolutionConfigurationPlatforms) = preSolution
		Debug|Any CPU = Debug|Any CPU
		Release|Any CPU = Release|Any CPU
	EndGlobalSection
	GlobalSection(ProjectConfigurationPlatforms) = postSolution
		{5D8D5AE1-B100-45F7-B38C-2E3C269ABBDC}.Debug|Any CPU.ActiveCfg = Debug|Any CPU
		{5D8D5AE1-B100-45F7-B38C-2E3C269ABBDC}.Debug|Any CPU.Build.0 = Debug|Any CPU
		{5D8D5AE1-B100-45F7-B38C-2E3C269ABBDC}.Release|Any CPU.ActiveCfg = Release|Any CPU
		{5D8D5AE1-B100-45F7-B38C-2E3C269ABBDC}.Release|Any CPU.Build.0 = Release|Any CPU
	EndGlobalSection
	GlobalSection(SolutionProperties) = preSolution
		HideSolutionNode = FALSE
	EndGlobalSection
	GlobalSection(ExtensibilityGlobals) = postSolution
		SolutionGuid = {012A4E7C-F42F-4385-BB7F-9936FB6EAE1D}
	EndGlobalSection
EndGlobal
