
Microsoft Visual Studio Solution File, Format Version 12.00
# Visual Studio Version 17
VisualStudioVersion = 17.10.35122.118
MinimumVisualStudioVersion = 10.0.40219.1
Project("{FAE04EC0-301F-11D3-BF4B-00C04F79EFBC}") = "StorySpoil", "StorySpoil\StorySpoil.csproj", "{EED99D88-8307-493F-9C75-936A087076D9}"
EndProject
Global
	GlobalSection(SolutionConfigurationPlatforms) = preSolution
		Debug|Any CPU = Debug|Any CPU
		Release|Any CPU = Release|Any CPU
	EndGlobalSection
	GlobalSection(ProjectConfigurationPlatforms) = postSolution
		{EED99D88-8307-493F-9C75-936A087076D9}.Debug|Any CPU.ActiveCfg = Debug|Any CPU
		{EED99D88-8307-493F-9C75-936A087076D9}.Debug|Any CPU.Build.0 = Debug|Any CPU
		{EED99D88-8307-493F-9C75-936A087076D9}.Release|Any CPU.ActiveCfg = Release|Any CPU
		{EED99D88-8307-493F-9C75-936A087076D9}.Release|Any CPU.Build.0 = Release|Any CPU
	EndGlobalSection
	GlobalSection(SolutionProperties) = preSolution
		HideSolutionNode = FALSE
	EndGlobalSection
	GlobalSection(ExtensibilityGlobals) = postSolution
		SolutionGuid = {DCD279E4-2AEB-4013-915D-00625E246BE4}
	EndGlobalSection
EndGlobal
